
Microsoft Visual Studio Solution File, Format Version 12.00
# Visual Studio Version 16
VisualStudioVersion = 16.0.31019.35
MinimumVisualStudioVersion = 10.0.40219.1
Project("{FAE04EC0-301F-11D3-BF4B-00C04F79EFBC}") = "Practice3", "Practice3.csproj", "{14166330-0738-4096-BAEB-057AFBA61DB9}"
EndProject
Project("{FAE04EC0-301F-11D3-BF4B-00C04F79EFBC}") = "Practice4", "..\..\..\Task_1_4\Task_1_4\Practice4\Practice4.csproj", "{FCBEB295-596C-4F3D-851B-A077DD6A09EF}"
EndProject
Global
	GlobalSection(SolutionConfigurationPlatforms) = preSolution
		Debug|Any CPU = Debug|Any CPU
		Release|Any CPU = Release|Any CPU
	EndGlobalSection
	GlobalSection(ProjectConfigurationPlatforms) = postSolution
		{14166330-0738-4096-BAEB-057AFBA61DB9}.Debug|Any CPU.ActiveCfg = Debug|Any CPU
		{14166330-0738-4096-BAEB-057AFBA61DB9}.Debug|Any CPU.Build.0 = Debug|Any CPU
		{14166330-0738-4096-BAEB-057AFBA61DB9}.Release|Any CPU.ActiveCfg = Release|Any CPU
		{14166330-0738-4096-BAEB-057AFBA61DB9}.Release|Any CPU.Build.0 = Release|Any CPU
		{FCBEB295-596C-4F3D-851B-A077DD6A09EF}.Debug|Any CPU.ActiveCfg = Debug|Any CPU
		{FCBEB295-596C-4F3D-851B-A077DD6A09EF}.Debug|Any CPU.Build.0 = Debug|Any CPU
		{FCBEB295-596C-4F3D-851B-A077DD6A09EF}.Release|Any CPU.ActiveCfg = Release|Any CPU
		{FCBEB295-596C-4F3D-851B-A077DD6A09EF}.Release|Any CPU.Build.0 = Release|Any CPU
	EndGlobalSection
	GlobalSection(SolutionProperties) = preSolution
		HideSolutionNode = FALSE
	EndGlobalSection
	GlobalSection(ExtensibilityGlobals) = postSolution
		SolutionGuid = {51629403-CC36-44AC-8487-51D1A164A697}
	EndGlobalSection
EndGlobal
